
Microsoft Visual Studio Solution File, Format Version 12.00
# Visual Studio Version 17
VisualStudioVersion = 17.12.35527.113
MinimumVisualStudioVersion = 10.0.40219.1
Project("{FAE04EC0-301F-11D3-BF4B-00C04F79EFBC}") = "00Term", "cSharpBasic\00Term.csproj", "{1863C8C1-FE1B-4F63-AC99-08C458A4D163}"
EndProject
Project("{FAE04EC0-301F-11D3-BF4B-00C04F79EFBC}") = "01Types", "01Types\01Types.csproj", "{5807258E-C27E-40DF-A126-078F5A5E5085}"
EndProject
Project("{FAE04EC0-301F-11D3-BF4B-00C04F79EFBC}") = "02Declaration", "02Declaration\02Declaration.csproj", "{0B479334-CFC8-4A94-B713-D038364064FE}"
EndProject
Project("{FAE04EC0-301F-11D3-BF4B-00C04F79EFBC}") = "03Operations", "03Operations\03Operations.csproj", "{6190F3BD-41E7-4075-9E92-18D5D3F6974F}"
EndProject
Project("{FAE04EC0-301F-11D3-BF4B-00C04F79EFBC}") = "04Debugging", "04Debugging\04Debugging.csproj", "{81B2BBAA-B226-4A1E-9570-B8C8513CFF3C}"
EndProject
Project("{FAE04EC0-301F-11D3-BF4B-00C04F79EFBC}") = "05ConditionalStatements", "05ConditionalStatements\05ConditionalStatements.csproj", "{9B2C01ED-A6DA-4580-88CE-CE339AE20AE9}"
EndProject
Project("{FAE04EC0-301F-11D3-BF4B-00C04F79EFBC}") = "06Array", "06Array\06Array.csproj", "{62633D99-CBCE-4F0E-9868-4BC807572193}"
EndProject
Project("{FAE04EC0-301F-11D3-BF4B-00C04F79EFBC}") = "07LoopStatements", "07LoopStatements\07LoopStatements.csproj", "{0D709B9E-F7C5-4828-A44A-96BB65BAD6BC}"
EndProject
Project("{FAE04EC0-301F-11D3-BF4B-00C04F79EFBC}") = "08MultidimensionalArray", "08MultidimensionalArray\08MultidimensionalArray.csproj", "{31AE206F-571D-448C-A15A-AFB85B21E818}"
EndProject
Project("{FAE04EC0-301F-11D3-BF4B-00C04F79EFBC}") = "10String", "10String\10String.csproj", "{B5FEAF2C-B6E1-4F7A-AD77-8B68F5564E3E}"
EndProject
Global
	GlobalSection(SolutionConfigurationPlatforms) = preSolution
		Debug|Any CPU = Debug|Any CPU
		Release|Any CPU = Release|Any CPU
	EndGlobalSection
	GlobalSection(ProjectConfigurationPlatforms) = postSolution
		{1863C8C1-FE1B-4F63-AC99-08C458A4D163}.Debug|Any CPU.ActiveCfg = Debug|Any CPU
		{1863C8C1-FE1B-4F63-AC99-08C458A4D163}.Debug|Any CPU.Build.0 = Debug|Any CPU
		{1863C8C1-FE1B-4F63-AC99-08C458A4D163}.Release|Any CPU.ActiveCfg = Release|Any CPU
		{1863C8C1-FE1B-4F63-AC99-08C458A4D163}.Release|Any CPU.Build.0 = Release|Any CPU
		{5807258E-C27E-40DF-A126-078F5A5E5085}.Debug|Any CPU.ActiveCfg = Debug|Any CPU
		{5807258E-C27E-40DF-A126-078F5A5E5085}.Debug|Any CPU.Build.0 = Debug|Any CPU
		{5807258E-C27E-40DF-A126-078F5A5E5085}.Release|Any CPU.ActiveCfg = Release|Any CPU
		{5807258E-C27E-40DF-A126-078F5A5E5085}.Release|Any CPU.Build.0 = Release|Any CPU
		{0B479334-CFC8-4A94-B713-D038364064FE}.Debug|Any CPU.ActiveCfg = Debug|Any CPU
		{0B479334-CFC8-4A94-B713-D038364064FE}.Debug|Any CPU.Build.0 = Debug|Any CPU
		{0B479334-CFC8-4A94-B713-D038364064FE}.Release|Any CPU.ActiveCfg = Release|Any CPU
		{0B479334-CFC8-4A94-B713-D038364064FE}.Release|Any CPU.Build.0 = Release|Any CPU
		{6190F3BD-41E7-4075-9E92-18D5D3F6974F}.Debug|Any CPU.ActiveCfg = Debug|Any CPU
		{6190F3BD-41E7-4075-9E92-18D5D3F6974F}.Debug|Any CPU.Build.0 = Debug|Any CPU
		{6190F3BD-41E7-4075-9E92-18D5D3F6974F}.Release|Any CPU.ActiveCfg = Release|Any CPU
		{6190F3BD-41E7-4075-9E92-18D5D3F6974F}.Release|Any CPU.Build.0 = Release|Any CPU
		{81B2BBAA-B226-4A1E-9570-B8C8513CFF3C}.Debug|Any CPU.ActiveCfg = Debug|Any CPU
		{81B2BBAA-B226-4A1E-9570-B8C8513CFF3C}.Debug|Any CPU.Build.0 = Debug|Any CPU
		{81B2BBAA-B226-4A1E-9570-B8C8513CFF3C}.Release|Any CPU.ActiveCfg = Release|Any CPU
		{81B2BBAA-B226-4A1E-9570-B8C8513CFF3C}.Release|Any CPU.Build.0 = Release|Any CPU
		{9B2C01ED-A6DA-4580-88CE-CE339AE20AE9}.Debug|Any CPU.ActiveCfg = Debug|Any CPU
		{9B2C01ED-A6DA-4580-88CE-CE339AE20AE9}.Debug|Any CPU.Build.0 = Debug|Any CPU
		{9B2C01ED-A6DA-4580-88CE-CE339AE20AE9}.Release|Any CPU.ActiveCfg = Release|Any CPU
		{9B2C01ED-A6DA-4580-88CE-CE339AE20AE9}.Release|Any CPU.Build.0 = Release|Any CPU
		{62633D99-CBCE-4F0E-9868-4BC807572193}.Debug|Any CPU.ActiveCfg = Debug|Any CPU
		{62633D99-CBCE-4F0E-9868-4BC807572193}.Debug|Any CPU.Build.0 = Debug|Any CPU
		{62633D99-CBCE-4F0E-9868-4BC807572193}.Release|Any CPU.ActiveCfg = Release|Any CPU
		{62633D99-CBCE-4F0E-9868-4BC807572193}.Release|Any CPU.Build.0 = Release|Any CPU
		{0D709B9E-F7C5-4828-A44A-96BB65BAD6BC}.Debug|Any CPU.ActiveCfg = Debug|Any CPU
		{0D709B9E-F7C5-4828-A44A-96BB65BAD6BC}.Debug|Any CPU.Build.0 = Debug|Any CPU
		{0D709B9E-F7C5-4828-A44A-96BB65BAD6BC}.Release|Any CPU.ActiveCfg = Release|Any CPU
		{0D709B9E-F7C5-4828-A44A-96BB65BAD6BC}.Release|Any CPU.Build.0 = Release|Any CPU
		{31AE206F-571D-448C-A15A-AFB85B21E818}.Debug|Any CPU.ActiveCfg = Debug|Any CPU
		{31AE206F-571D-448C-A15A-AFB85B21E818}.Debug|Any CPU.Build.0 = Debug|Any CPU
		{31AE206F-571D-448C-A15A-AFB85B21E818}.Release|Any CPU.ActiveCfg = Release|Any CPU
		{31AE206F-571D-448C-A15A-AFB85B21E818}.Release|Any CPU.Build.0 = Release|Any CPU
		{B5FEAF2C-B6E1-4F7A-AD77-8B68F5564E3E}.Debug|Any CPU.ActiveCfg = Debug|Any CPU
		{B5FEAF2C-B6E1-4F7A-AD77-8B68F5564E3E}.Debug|Any CPU.Build.0 = Debug|Any CPU
		{B5FEAF2C-B6E1-4F7A-AD77-8B68F5564E3E}.Release|Any CPU.ActiveCfg = Release|Any CPU
		{B5FEAF2C-B6E1-4F7A-AD77-8B68F5564E3E}.Release|Any CPU.Build.0 = Release|Any CPU
	EndGlobalSection
	GlobalSection(SolutionProperties) = preSolution
		HideSolutionNode = FALSE
	EndGlobalSection
EndGlobal
